
Microsoft Visual Studio Solution File, Format Version 12.00
# Visual Studio Version 17
VisualStudioVersion = 17.2.32630.192
MinimumVisualStudioVersion = 10.0.40219.1
Project("{9A19103F-16F7-4668-BE54-9A1E7A4F7556}") = "EconomySimulator.WPF", "EconomySimulator.WPF\EconomySimulator.WPF.csproj", "{DF6C13F5-A781-4ED5-AA16-1441E9D3CF70}"
EndProject
Project("{9A19103F-16F7-4668-BE54-9A1E7A4F7556}") = "EconomySimulator.BusinessLogic", "EconomySimulator.BusinessLogic\EconomySimulator.BusinessLogic.csproj", "{20CC38D9-D9CC-471F-8522-2A4808921A6B}"
EndProject
Project("{FAE04EC0-301F-11D3-BF4B-00C04F79EFBC}") = "EconomySimulator.CustomControls", "EconomySimulator.CustomControls\EconomySimulator.CustomControls.csproj", "{C5213EEB-BF43-4E2B-B7CA-EBADFCEE25F6}"
EndProject
Global
	GlobalSection(SolutionConfigurationPlatforms) = preSolution
		Debug|Any CPU = Debug|Any CPU
		Release|Any CPU = Release|Any CPU
	EndGlobalSection
	GlobalSection(ProjectConfigurationPlatforms) = postSolution
		{DF6C13F5-A781-4ED5-AA16-1441E9D3CF70}.Debug|Any CPU.ActiveCfg = Debug|Any CPU
		{DF6C13F5-A781-4ED5-AA16-1441E9D3CF70}.Debug|Any CPU.Build.0 = Debug|Any CPU
		{DF6C13F5-A781-4ED5-AA16-1441E9D3CF70}.Release|Any CPU.ActiveCfg = Release|Any CPU
		{DF6C13F5-A781-4ED5-AA16-1441E9D3CF70}.Release|Any CPU.Build.0 = Release|Any CPU
		{20CC38D9-D9CC-471F-8522-2A4808921A6B}.Debug|Any CPU.ActiveCfg = Debug|Any CPU
		{20CC38D9-D9CC-471F-8522-2A4808921A6B}.Debug|Any CPU.Build.0 = Debug|Any CPU
		{20CC38D9-D9CC-471F-8522-2A4808921A6B}.Release|Any CPU.ActiveCfg = Release|Any CPU
		{20CC38D9-D9CC-471F-8522-2A4808921A6B}.Release|Any CPU.Build.0 = Release|Any CPU
		{C5213EEB-BF43-4E2B-B7CA-EBADFCEE25F6}.Debug|Any CPU.ActiveCfg = Debug|Any CPU
		{C5213EEB-BF43-4E2B-B7CA-EBADFCEE25F6}.Debug|Any CPU.Build.0 = Debug|Any CPU
		{C5213EEB-BF43-4E2B-B7CA-EBADFCEE25F6}.Release|Any CPU.ActiveCfg = Release|Any CPU
		{C5213EEB-BF43-4E2B-B7CA-EBADFCEE25F6}.Release|Any CPU.Build.0 = Release|Any CPU
	EndGlobalSection
	GlobalSection(SolutionProperties) = preSolution
		HideSolutionNode = FALSE
	EndGlobalSection
	GlobalSection(ExtensibilityGlobals) = postSolution
		SolutionGuid = {2B0C1C01-F09F-430D-8250-59B6AB2D64B0}
	EndGlobalSection
EndGlobal
